// !$*UTF8*$!
{
	archiveVersion = 1;
	classes = {
	};
	objectVersion = 52;
	objects = {

/* Begin PBXBuildFile section */
		36C22CFE25851465009C97D8 /* SeatingSwfitUIApp.swift in Sources */ = {isa = PBXBuildFile; fileRef = 36C22CEB25851464009C97D8 /* SeatingSwfitUIApp.swift */; };
		36C22CFF25851465009C97D8 /* SeatingSwfitUIApp.swift in Sources */ = {isa = PBXBuildFile; fileRef = 36C22CEB25851464009C97D8 /* SeatingSwfitUIApp.swift */; };
		36C22D0025851465009C97D8 /* ContentView.swift in Sources */ = {isa = PBXBuildFile; fileRef = 36C22CEC25851464009C97D8 /* ContentView.swift */; };
		36C22D0125851465009C97D8 /* ContentView.swift in Sources */ = {isa = PBXBuildFile; fileRef = 36C22CEC25851464009C97D8 /* ContentView.swift */; };
		36C22D0225851465009C97D8 /* Assets.xcassets in Resources */ = {isa = PBXBuildFile; fileRef = 36C22CED25851465009C97D8 /* Assets.xcassets */; };
		36C22D0325851465009C97D8 /* Assets.xcassets in Resources */ = {isa = PBXBuildFile; fileRef = 36C22CED25851465009C97D8 /* Assets.xcassets */; };
		36C22D11258514F2009C97D8 /* SectorChartConfig.swift in Sources */ = {isa = PBXBuildFile; fileRef = 36C22D10258514F2009C97D8 /* SectorChartConfig.swift */; };
		36C22D12258514F2009C97D8 /* SectorChartConfig.swift in Sources */ = {isa = PBXBuildFile; fileRef = 36C22D10258514F2009C97D8 /* SectorChartConfig.swift */; };
		36C22D182585156A009C97D8 /* SeatDetailsModel.swift in Sources */ = {isa = PBXBuildFile; fileRef = 36C22D172585156A009C97D8 /* SeatDetailsModel.swift */; };
		36C22D192585156A009C97D8 /* SeatDetailsModel.swift in Sources */ = {isa = PBXBuildFile; fileRef = 36C22D172585156A009C97D8 /* SeatDetailsModel.swift */; };
		36C22D1E25851613009C97D8 /* SeatingChartView.swift in Sources */ = {isa = PBXBuildFile; fileRef = 36C22D1D25851613009C97D8 /* SeatingChartView.swift */; };
		36C22D1F25851613009C97D8 /* SeatingChartView.swift in Sources */ = {isa = PBXBuildFile; fileRef = 36C22D1D25851613009C97D8 /* SeatingChartView.swift */; };
		36C22D2825851B31009C97D8 /* SeatView.swift in Sources */ = {isa = PBXBuildFile; fileRef = 36C22D2725851B31009C97D8 /* SeatView.swift */; };
		36C22D2925851B31009C97D8 /* SeatView.swift in Sources */ = {isa = PBXBuildFile; fileRef = 36C22D2725851B31009C97D8 /* SeatView.swift */; };
		36C22D2F25851E62009C97D8 /* SeatModel.swift in Sources */ = {isa = PBXBuildFile; fileRef = 36C22D2E25851E62009C97D8 /* SeatModel.swift */; };
		36C22D3025851E62009C97D8 /* SeatModel.swift in Sources */ = {isa = PBXBuildFile; fileRef = 36C22D2E25851E62009C97D8 /* SeatModel.swift */; };
		36C22D3D25857A98009C97D8 /* ChartLabelView.swift in Sources */ = {isa = PBXBuildFile; fileRef = 36C22D3C25857A98009C97D8 /* ChartLabelView.swift */; };
		36C22D3E25857A98009C97D8 /* ChartLabelView.swift in Sources */ = {isa = PBXBuildFile; fileRef = 36C22D3C25857A98009C97D8 /* ChartLabelView.swift */; };
		36C22D4225857E19009C97D8 /* LegendView.swift in Sources */ = {isa = PBXBuildFile; fileRef = 36C22D4125857E19009C97D8 /* LegendView.swift */; };
		36C22D4325857E19009C97D8 /* LegendView.swift in Sources */ = {isa = PBXBuildFile; fileRef = 36C22D4125857E19009C97D8 /* LegendView.swift */; };
		36C22D4C2585942D009C97D8 /* Constants.swift in Sources */ = {isa = PBXBuildFile; fileRef = 36C22D4B2585942D009C97D8 /* Constants.swift */; };
		36C22D4D2585942D009C97D8 /* Constants.swift in Sources */ = {isa = PBXBuildFile; fileRef = 36C22D4B2585942D009C97D8 /* Constants.swift */; };
		36C22D5F258598C0009C97D8 /* CheckoutView.swift in Sources */ = {isa = PBXBuildFile; fileRef = 36C22D5E258598C0009C97D8 /* CheckoutView.swift */; };
		36C22D60258598C0009C97D8 /* CheckoutView.swift in Sources */ = {isa = PBXBuildFile; fileRef = 36C22D5E258598C0009C97D8 /* CheckoutView.swift */; };
		36C22D6825862E01009C97D8 /* PartialModalView.swift in Sources */ = {isa = PBXBuildFile; fileRef = 36C22D6725862E01009C97D8 /* PartialModalView.swift */; };
		36C22D6925862E01009C97D8 /* PartialModalView.swift in Sources */ = {isa = PBXBuildFile; fileRef = 36C22D6725862E01009C97D8 /* PartialModalView.swift */; };
		36C22D752586520B009C97D8 /* SectorDetailsModel.swift in Sources */ = {isa = PBXBuildFile; fileRef = 36C22D742586520B009C97D8 /* SectorDetailsModel.swift */; };
		36C22D762586520B009C97D8 /* SectorDetailsModel.swift in Sources */ = {isa = PBXBuildFile; fileRef = 36C22D742586520B009C97D8 /* SectorDetailsModel.swift */; };
		D1A49162778E10722FDB2A6B /* SeatingChartModel.swift in Sources */ = {isa = PBXBuildFile; fileRef = D1A49839A8FA6D7C7061D22F /* SeatingChartModel.swift */; };
		D1A493021B3544742181C247 /* SectorModel.swift in Sources */ = {isa = PBXBuildFile; fileRef = D1A49D480ECA007770BCFE10 /* SectorModel.swift */; };
		D1A495E920321F58771326D7 /* SectorChartView.swift in Sources */ = {isa = PBXBuildFile; fileRef = D1A491591B348FA10051C48B /* SectorChartView.swift */; };
		D1A49D77C4987D395FC70910 /* SectorChartView.swift in Sources */ = {isa = PBXBuildFile; fileRef = D1A491591B348FA10051C48B /* SectorChartView.swift */; };
		D1A49ED124A34C6724449FB6 /* SeatingChartModel.swift in Sources */ = {isa = PBXBuildFile; fileRef = D1A49839A8FA6D7C7061D22F /* SeatingChartModel.swift */; };
/* End PBXBuildFile section */

/* Begin PBXFileReference section */
		36C22CEB25851464009C97D8 /* SeatingSwfitUIApp.swift */ = {isa = PBXFileReference; lastKnownFileType = sourcecode.swift; path = SeatingSwfitUIApp.swift; sourceTree = "<group>"; };
		36C22CEC25851464009C97D8 /* ContentView.swift */ = {isa = PBXFileReference; lastKnownFileType = sourcecode.swift; path = ContentView.swift; sourceTree = "<group>"; };
		36C22CED25851465009C97D8 /* Assets.xcassets */ = {isa = PBXFileReference; lastKnownFileType = folder.assetcatalog; path = Assets.xcassets; sourceTree = "<group>"; };
		36C22CF225851465009C97D8 /* SeatingSwfitUI.app */ = {isa = PBXFileReference; explicitFileType = wrapper.application; includeInIndex = 0; path = SeatingSwfitUI.app; sourceTree = BUILT_PRODUCTS_DIR; };
		36C22CF525851465009C97D8 /* Info.plist */ = {isa = PBXFileReference; lastKnownFileType = text.plist.xml; path = Info.plist; sourceTree = "<group>"; };
		36C22CFA25851465009C97D8 /* SeatingSwfitUI.app */ = {isa = PBXFileReference; explicitFileType = wrapper.application; includeInIndex = 0; path = SeatingSwfitUI.app; sourceTree = BUILT_PRODUCTS_DIR; };
		36C22CFC25851465009C97D8 /* Info.plist */ = {isa = PBXFileReference; lastKnownFileType = text.plist.xml; path = Info.plist; sourceTree = "<group>"; };
		36C22CFD25851465009C97D8 /* macOS.entitlements */ = {isa = PBXFileReference; lastKnownFileType = text.plist.entitlements; path = macOS.entitlements; sourceTree = "<group>"; };
		36C22D10258514F2009C97D8 /* SectorChartConfig.swift */ = {isa = PBXFileReference; lastKnownFileType = sourcecode.swift; path = SectorChartConfig.swift; sourceTree = "<group>"; };
		36C22D172585156A009C97D8 /* SeatDetailsModel.swift */ = {isa = PBXFileReference; lastKnownFileType = sourcecode.swift; path = SeatDetailsModel.swift; sourceTree = "<group>"; };
		36C22D1D25851613009C97D8 /* SeatingChartView.swift */ = {isa = PBXFileReference; lastKnownFileType = sourcecode.swift; path = SeatingChartView.swift; sourceTree = "<group>"; };
		36C22D2725851B31009C97D8 /* SeatView.swift */ = {isa = PBXFileReference; lastKnownFileType = sourcecode.swift; path = SeatView.swift; sourceTree = "<group>"; };
		36C22D2E25851E62009C97D8 /* SeatModel.swift */ = {isa = PBXFileReference; lastKnownFileType = sourcecode.swift; path = SeatModel.swift; sourceTree = "<group>"; };
		36C22D3C25857A98009C97D8 /* ChartLabelView.swift */ = {isa = PBXFileReference; lastKnownFileType = sourcecode.swift; path = ChartLabelView.swift; sourceTree = "<group>"; };
		36C22D4125857E19009C97D8 /* LegendView.swift */ = {isa = PBXFileReference; lastKnownFileType = sourcecode.swift; path = LegendView.swift; sourceTree = "<group>"; };
		36C22D4B2585942D009C97D8 /* Constants.swift */ = {isa = PBXFileReference; lastKnownFileType = sourcecode.swift; path = Constants.swift; sourceTree = "<group>"; };
		36C22D5E258598C0009C97D8 /* CheckoutView.swift */ = {isa = PBXFileReference; lastKnownFileType = sourcecode.swift; path = CheckoutView.swift; sourceTree = "<group>"; };
		36C22D6725862E01009C97D8 /* PartialModalView.swift */ = {isa = PBXFileReference; lastKnownFileType = sourcecode.swift; path = PartialModalView.swift; sourceTree = "<group>"; };
		36C22D742586520B009C97D8 /* SectorDetailsModel.swift */ = {isa = PBXFileReference; lastKnownFileType = sourcecode.swift; path = SectorDetailsModel.swift; sourceTree = "<group>"; };
		D1A491591B348FA10051C48B /* SectorChartView.swift */ = {isa = PBXFileReference; fileEncoding = 4; lastKnownFileType = sourcecode.swift; path = SectorChartView.swift; sourceTree = "<group>"; };
		D1A49839A8FA6D7C7061D22F /* SeatingChartModel.swift */ = {isa = PBXFileReference; fileEncoding = 4; lastKnownFileType = sourcecode.swift; path = SeatingChartModel.swift; sourceTree = "<group>"; };
		D1A49D480ECA007770BCFE10 /* SectorModel.swift */ = {isa = PBXFileReference; fileEncoding = 4; lastKnownFileType = sourcecode.swift; path = SectorModel.swift; sourceTree = "<group>"; };
/* End PBXFileReference section */

/* Begin PBXFrameworksBuildPhase section */
		36C22CEF25851465009C97D8 /* Frameworks */ = {
			isa = PBXFrameworksBuildPhase;
			buildActionMask = 2147483647;
			files = (
			);
			runOnlyForDeploymentPostprocessing = 0;
		};
		36C22CF725851465009C97D8 /* Frameworks */ = {
			isa = PBXFrameworksBuildPhase;
			buildActionMask = 2147483647;
			files = (
			);
			runOnlyForDeploymentPostprocessing = 0;
		};
/* End PBXFrameworksBuildPhase section */

/* Begin PBXGroup section */
		36C22CE525851464009C97D8 = {
			isa = PBXGroup;
			children = (
				36C22CEA25851464009C97D8 /* Shared */,
				36C22CF425851465009C97D8 /* iOS */,
				36C22CFB25851465009C97D8 /* macOS */,
				36C22CF325851465009C97D8 /* Products */,
			);
			sourceTree = "<group>";
		};
		36C22CEA25851464009C97D8 /* Shared */ = {
			isa = PBXGroup;
			children = (
				36C22D2425851687009C97D8 /* ViewModel */,
				36C22D1C258515FB009C97D8 /* View */,
				36C22D0E258514C1009C97D8 /* Model */,
				36C22CEB25851464009C97D8 /* SeatingSwfitUIApp.swift */,
				36C22CEC25851464009C97D8 /* ContentView.swift */,
				36C22CED25851465009C97D8 /* Assets.xcassets */,
			);
			path = Shared;
			sourceTree = "<group>";
		};
		36C22CF325851465009C97D8 /* Products */ = {
			isa = PBXGroup;
			children = (
				36C22CF225851465009C97D8 /* SeatingSwfitUI.app */,
				36C22CFA25851465009C97D8 /* SeatingSwfitUI.app */,
			);
			name = Products;
			sourceTree = "<group>";
		};
		36C22CF425851465009C97D8 /* iOS */ = {
			isa = PBXGroup;
			children = (
				36C22CF525851465009C97D8 /* Info.plist */,
			);
			path = iOS;
			sourceTree = "<group>";
		};
		36C22CFB25851465009C97D8 /* macOS */ = {
			isa = PBXGroup;
			children = (
				36C22CFC25851465009C97D8 /* Info.plist */,
				36C22CFD25851465009C97D8 /* macOS.entitlements */,
			);
			path = macOS;
			sourceTree = "<group>";
		};
		36C22D0E258514C1009C97D8 /* Model */ = {
			isa = PBXGroup;
			children = (
				36C22D172585156A009C97D8 /* SeatDetailsModel.swift */,
				36C22D2E25851E62009C97D8 /* SeatModel.swift */,
				36C22D4B2585942D009C97D8 /* Constants.swift */,
				36C22D742586520B009C97D8 /* SectorDetailsModel.swift */,
				D1A49D480ECA007770BCFE10 /* SectorModel.swift */,
				D1A49839A8FA6D7C7061D22F /* SeatingChartModel.swift */,
			);
			path = Model;
			sourceTree = "<group>";
		};
		36C22D1C258515FB009C97D8 /* View */ = {
			isa = PBXGroup;
			children = (
				36C22D1D25851613009C97D8 /* SeatingChartView.swift */,
				36C22D2725851B31009C97D8 /* SeatView.swift */,
				36C22D3C25857A98009C97D8 /* ChartLabelView.swift */,
				36C22D4125857E19009C97D8 /* LegendView.swift */,
				36C22D6725862E01009C97D8 /* PartialModalView.swift */,
				36C22D5E258598C0009C97D8 /* CheckoutView.swift */,
				D1A491591B348FA10051C48B /* SectorChartView.swift */,
			);
			path = View;
			sourceTree = "<group>";
		};
		36C22D2425851687009C97D8 /* ViewModel */ = {
			isa = PBXGroup;
			children = (
				36C22D10258514F2009C97D8 /* SectorChartConfig.swift */,
			);
			path = ViewModel;
			sourceTree = "<group>";
		};
/* End PBXGroup section */

/* Begin PBXNativeTarget section */
		36C22CF125851465009C97D8 /* SeatingSwfitUI (iOS) */ = {
			isa = PBXNativeTarget;
			buildConfigurationList = 36C22D0625851465009C97D8 /* Build configuration list for PBXNativeTarget "SeatingSwfitUI (iOS)" */;
			buildPhases = (
				36C22CEE25851465009C97D8 /* Sources */,
				36C22CEF25851465009C97D8 /* Frameworks */,
				36C22CF025851465009C97D8 /* Resources */,
			);
			buildRules = (
			);
			dependencies = (
			);
			name = "SeatingSwfitUI (iOS)";
			packageProductDependencies = (
				36C22D56258597F1009C97D8,
			);
			productName = "SeatingSwfitUI (iOS)";
			productReference = 36C22CF225851465009C97D8 /* SeatingSwfitUI.app */;
			productType = "com.apple.product-type.application";
		};
		36C22CF925851465009C97D8 /* SeatingSwfitUI (macOS) */ = {
			isa = PBXNativeTarget;
			buildConfigurationList = 36C22D0925851465009C97D8 /* Build configuration list for PBXNativeTarget "SeatingSwfitUI (macOS)" */;
			buildPhases = (
				36C22CF625851465009C97D8 /* Sources */,
				36C22CF725851465009C97D8 /* Frameworks */,
				36C22CF825851465009C97D8 /* Resources */,
			);
			buildRules = (
			);
			dependencies = (
			);
			name = "SeatingSwfitUI (macOS)";
			productName = "SeatingSwfitUI (macOS)";
			productReference = 36C22CFA25851465009C97D8 /* SeatingSwfitUI.app */;
			productType = "com.apple.product-type.application";
		};
/* End PBXNativeTarget section */

/* Begin PBXProject section */
		36C22CE625851464009C97D8 /* Project object */ = {
			isa = PBXProject;
			attributes = {
				LastSwiftUpdateCheck = 1220;
				LastUpgradeCheck = 1220;
				TargetAttributes = {
					36C22CF125851465009C97D8 = {
						CreatedOnToolsVersion = 12.2;
					};
					36C22CF925851465009C97D8 = {
						CreatedOnToolsVersion = 12.2;
					};
				};
			};
			buildConfigurationList = 36C22CE925851464009C97D8 /* Build configuration list for PBXProject "SeatingSwfitUI" */;
			compatibilityVersion = "Xcode 9.3";
			developmentRegion = en;
			hasScannedForEncodings = 0;
			knownRegions = (
				en,
				Base,
			);
			mainGroup = 36C22CE525851464009C97D8;
			packageReferences = (
				36C22D55258597F1009C97D8,
			);
			productRefGroup = 36C22CF325851465009C97D8 /* Products */;
			projectDirPath = "";
			projectRoot = "";
			targets = (
				36C22CF125851465009C97D8 /* SeatingSwfitUI (iOS) */,
				36C22CF925851465009C97D8 /* SeatingSwfitUI (macOS) */,
			);
		};
/* End PBXProject section */

/* Begin PBXResourcesBuildPhase section */
		36C22CF025851465009C97D8 /* Resources */ = {
			isa = PBXResourcesBuildPhase;
			buildActionMask = 2147483647;
			files = (
				36C22D0225851465009C97D8 /* Assets.xcassets in Resources */,
			);
			runOnlyForDeploymentPostprocessing = 0;
		};
		36C22CF825851465009C97D8 /* Resources */ = {
			isa = PBXResourcesBuildPhase;
			buildActionMask = 2147483647;
			files = (
				36C22D0325851465009C97D8 /* Assets.xcassets in Resources */,
			);
			runOnlyForDeploymentPostprocessing = 0;
		};
/* End PBXResourcesBuildPhase section */

/* Begin PBXSourcesBuildPhase section */
		36C22CEE25851465009C97D8 /* Sources */ = {
			isa = PBXSourcesBuildPhase;
			buildActionMask = 2147483647;
			files = (
				36C22D0025851465009C97D8 /* ContentView.swift in Sources */,
				36C22D752586520B009C97D8 /* SectorDetailsModel.swift in Sources */,
				36C22D4C2585942D009C97D8 /* Constants.swift in Sources */,
				36C22D4225857E19009C97D8 /* LegendView.swift in Sources */,
				36C22CFE25851465009C97D8 /* SeatingSwfitUIApp.swift in Sources */,
				36C22D1E25851613009C97D8 /* SeatingChartView.swift in Sources */,
				36C22D2825851B31009C97D8 /* SeatView.swift in Sources */,
				36C22D5F258598C0009C97D8 /* CheckoutView.swift in Sources */,
				36C22D3D25857A98009C97D8 /* ChartLabelView.swift in Sources */,
				36C22D182585156A009C97D8 /* SeatDetailsModel.swift in Sources */,
				36C22D11258514F2009C97D8 /* SectorChartConfig.swift in Sources */,
				36C22D6825862E01009C97D8 /* PartialModalView.swift in Sources */,
				36C22D2F25851E62009C97D8 /* SeatModel.swift in Sources */,
				D1A493021B3544742181C247 /* SectorModel.swift in Sources */,
				D1A49162778E10722FDB2A6B /* SeatingChartModel.swift in Sources */,
				D1A495E920321F58771326D7 /* SectorChartView.swift in Sources */,
			);
			runOnlyForDeploymentPostprocessing = 0;
		};
		36C22CF625851465009C97D8 /* Sources */ = {
			isa = PBXSourcesBuildPhase;
			buildActionMask = 2147483647;
			files = (
				36C22D0125851465009C97D8 /* ContentView.swift in Sources */,
				36C22D762586520B009C97D8 /* SectorDetailsModel.swift in Sources */,
				36C22D4D2585942D009C97D8 /* Constants.swift in Sources */,
				36C22D4325857E19009C97D8 /* LegendView.swift in Sources */,
				36C22CFF25851465009C97D8 /* SeatingSwfitUIApp.swift in Sources */,
				36C22D1F25851613009C97D8 /* SeatingChartView.swift in Sources */,
				36C22D2925851B31009C97D8 /* SeatView.swift in Sources */,
				36C22D60258598C0009C97D8 /* CheckoutView.swift in Sources */,
				36C22D3E25857A98009C97D8 /* ChartLabelView.swift in Sources */,
				36C22D192585156A009C97D8 /* SeatDetailsModel.swift in Sources */,
				36C22D12258514F2009C97D8 /* SectorChartConfig.swift in Sources */,
				36C22D6925862E01009C97D8 /* PartialModalView.swift in Sources */,
				36C22D3025851E62009C97D8 /* SeatModel.swift in Sources */,
				D1A49ED124A34C6724449FB6 /* SeatingChartModel.swift in Sources */,
				D1A49D77C4987D395FC70910 /* SectorChartView.swift in Sources */,
			);
			runOnlyForDeploymentPostprocessing = 0;
		};
/* End PBXSourcesBuildPhase section */

/* Begin XCBuildConfiguration section */
		36C22D0425851465009C97D8 /* Debug */ = {
			isa = XCBuildConfiguration;
			buildSettings = {
				ALWAYS_SEARCH_USER_PATHS = NO;
				CLANG_ANALYZER_NONNULL = YES;
				CLANG_ANALYZER_NUMBER_OBJECT_CONVERSION = YES_AGGRESSIVE;
				CLANG_CXX_LANGUAGE_STANDARD = "gnu++14";
				CLANG_CXX_LIBRARY = "libc++";
				CLANG_ENABLE_MODULES = YES;
				CLANG_ENABLE_OBJC_ARC = YES;
				CLANG_ENABLE_OBJC_WEAK = YES;
				CLANG_WARN_BLOCK_CAPTURE_AUTORELEASING = YES;
				CLANG_WARN_BOOL_CONVERSION = YES;
				CLANG_WARN_COMMA = YES;
				CLANG_WARN_CONSTANT_CONVERSION = YES;
				CLANG_WARN_DEPRECATED_OBJC_IMPLEMENTATIONS = YES;
				CLANG_WARN_DIRECT_OBJC_ISA_USAGE = YES_ERROR;
				CLANG_WARN_DOCUMENTATION_COMMENTS = YES;
				CLANG_WARN_EMPTY_BODY = YES;
				CLANG_WARN_ENUM_CONVERSION = YES;
				CLANG_WARN_INFINITE_RECURSION = YES;
				CLANG_WARN_INT_CONVERSION = YES;
				CLANG_WARN_NON_LITERAL_NULL_CONVERSION = YES;
				CLANG_WARN_OBJC_IMPLICIT_RETAIN_SELF = YES;
				CLANG_WARN_OBJC_LITERAL_CONVERSION = YES;
				CLANG_WARN_OBJC_ROOT_CLASS = YES_ERROR;
				CLANG_WARN_QUOTED_INCLUDE_IN_FRAMEWORK_HEADER = YES;
				CLANG_WARN_RANGE_LOOP_ANALYSIS = YES;
				CLANG_WARN_STRICT_PROTOTYPES = YES;
				CLANG_WARN_SUSPICIOUS_MOVE = YES;
				CLANG_WARN_UNGUARDED_AVAILABILITY = YES_AGGRESSIVE;
				CLANG_WARN_UNREACHABLE_CODE = YES;
				CLANG_WARN__DUPLICATE_METHOD_MATCH = YES;
				COPY_PHASE_STRIP = NO;
				DEBUG_INFORMATION_FORMAT = dwarf;
				ENABLE_STRICT_OBJC_MSGSEND = YES;
				ENABLE_TESTABILITY = YES;
				GCC_C_LANGUAGE_STANDARD = gnu11;
				GCC_DYNAMIC_NO_PIC = NO;
				GCC_NO_COMMON_BLOCKS = YES;
				GCC_OPTIMIZATION_LEVEL = 0;
				GCC_PREPROCESSOR_DEFINITIONS = (
					"DEBUG=1",
					"$(inherited)",
				);
				GCC_WARN_64_TO_32_BIT_CONVERSION = YES;
				GCC_WARN_ABOUT_RETURN_TYPE = YES_ERROR;
				GCC_WARN_UNDECLARED_SELECTOR = YES;
				GCC_WARN_UNINITIALIZED_AUTOS = YES_AGGRESSIVE;
				GCC_WARN_UNUSED_FUNCTION = YES;
				GCC_WARN_UNUSED_VARIABLE = YES;
				MTL_ENABLE_DEBUG_INFO = INCLUDE_SOURCE;
				MTL_FAST_MATH = YES;
				ONLY_ACTIVE_ARCH = YES;
				SWIFT_ACTIVE_COMPILATION_CONDITIONS = DEBUG;
				SWIFT_OPTIMIZATION_LEVEL = "-Onone";
			};
			name = Debug;
		};
		36C22D0525851465009C97D8 /* Release */ = {
			isa = XCBuildConfiguration;
			buildSettings = {
				ALWAYS_SEARCH_USER_PATHS = NO;
				CLANG_ANALYZER_NONNULL = YES;
				CLANG_ANALYZER_NUMBER_OBJECT_CONVERSION = YES_AGGRESSIVE;
				CLANG_CXX_LANGUAGE_STANDARD = "gnu++14";
				CLANG_CXX_LIBRARY = "libc++";
				CLANG_ENABLE_MODULES = YES;
				CLANG_ENABLE_OBJC_ARC = YES;
				CLANG_ENABLE_OBJC_WEAK = YES;
				CLANG_WARN_BLOCK_CAPTURE_AUTORELEASING = YES;
				CLANG_WARN_BOOL_CONVERSION = YES;
				CLANG_WARN_COMMA = YES;
				CLANG_WARN_CONSTANT_CONVERSION = YES;
				CLANG_WARN_DEPRECATED_OBJC_IMPLEMENTATIONS = YES;
				CLANG_WARN_DIRECT_OBJC_ISA_USAGE = YES_ERROR;
				CLANG_WARN_DOCUMENTATION_COMMENTS = YES;
				CLANG_WARN_EMPTY_BODY = YES;
				CLANG_WARN_ENUM_CONVERSION = YES;
				CLANG_WARN_INFINITE_RECURSION = YES;
				CLANG_WARN_INT_CONVERSION = YES;
				CLANG_WARN_NON_LITERAL_NULL_CONVERSION = YES;
				CLANG_WARN_OBJC_IMPLICIT_RETAIN_SELF = YES;
				CLANG_WARN_OBJC_LITERAL_CONVERSION = YES;
				CLANG_WARN_OBJC_ROOT_CLASS = YES_ERROR;
				CLANG_WARN_QUOTED_INCLUDE_IN_FRAMEWORK_HEADER = YES;
				CLANG_WARN_RANGE_LOOP_ANALYSIS = YES;
				CLANG_WARN_STRICT_PROTOTYPES = YES;
				CLANG_WARN_SUSPICIOUS_MOVE = YES;
				CLANG_WARN_UNGUARDED_AVAILABILITY = YES_AGGRESSIVE;
				CLANG_WARN_UNREACHABLE_CODE = YES;
				CLANG_WARN__DUPLICATE_METHOD_MATCH = YES;
				COPY_PHASE_STRIP = NO;
				DEBUG_INFORMATION_FORMAT = "dwarf-with-dsym";
				ENABLE_NS_ASSERTIONS = NO;
				ENABLE_STRICT_OBJC_MSGSEND = YES;
				GCC_C_LANGUAGE_STANDARD = gnu11;
				GCC_NO_COMMON_BLOCKS = YES;
				GCC_WARN_64_TO_32_BIT_CONVERSION = YES;
				GCC_WARN_ABOUT_RETURN_TYPE = YES_ERROR;
				GCC_WARN_UNDECLARED_SELECTOR = YES;
				GCC_WARN_UNINITIALIZED_AUTOS = YES_AGGRESSIVE;
				GCC_WARN_UNUSED_FUNCTION = YES;
				GCC_WARN_UNUSED_VARIABLE = YES;
				MTL_ENABLE_DEBUG_INFO = NO;
				MTL_FAST_MATH = YES;
				SWIFT_COMPILATION_MODE = wholemodule;
				SWIFT_OPTIMIZATION_LEVEL = "-O";
			};
			name = Release;
		};
		36C22D0725851465009C97D8 /* Debug */ = {
			isa = XCBuildConfiguration;
			buildSettings = {
				ASSETCATALOG_COMPILER_APPICON_NAME = AppIcon;
				ASSETCATALOG_COMPILER_GLOBAL_ACCENT_COLOR_NAME = AccentColor;
				CODE_SIGN_STYLE = Automatic;
				DEVELOPMENT_TEAM = 7T4FFP79ZY;
				ENABLE_PREVIEWS = YES;
				INFOPLIST_FILE = iOS/Info.plist;
				IPHONEOS_DEPLOYMENT_TARGET = 14.0;
				LD_RUNPATH_SEARCH_PATHS = (
					"$(inherited)",
					"@executable_path/Frameworks",
				);
				PRODUCT_BUNDLE_IDENTIFIER = simonbachmann.SeatingSwfitUI;
				PRODUCT_NAME = SeatingSwfitUI;
				SDKROOT = iphoneos;
				SWIFT_VERSION = 5.0;
				TARGETED_DEVICE_FAMILY = "1,2";
			};
			name = Debug;
		};
		36C22D0825851465009C97D8 /* Release */ = {
			isa = XCBuildConfiguration;
			buildSettings = {
				ASSETCATALOG_COMPILER_APPICON_NAME = AppIcon;
				ASSETCATALOG_COMPILER_GLOBAL_ACCENT_COLOR_NAME = AccentColor;
				CODE_SIGN_STYLE = Automatic;
				DEVELOPMENT_TEAM = 7T4FFP79ZY;
				ENABLE_PREVIEWS = YES;
				INFOPLIST_FILE = iOS/Info.plist;
				IPHONEOS_DEPLOYMENT_TARGET = 14.0;
				LD_RUNPATH_SEARCH_PATHS = (
					"$(inherited)",
					"@executable_path/Frameworks",
				);
				PRODUCT_BUNDLE_IDENTIFIER = simonbachmann.SeatingSwfitUI;
				PRODUCT_NAME = SeatingSwfitUI;
				SDKROOT = iphoneos;
				SWIFT_VERSION = 5.0;
				TARGETED_DEVICE_FAMILY = "1,2";
				VALIDATE_PRODUCT = YES;
			};
			name = Release;
		};
		36C22D0A25851465009C97D8 /* Debug */ = {
			isa = XCBuildConfiguration;
			buildSettings = {
				ASSETCATALOG_COMPILER_APPICON_NAME = AppIcon;
				ASSETCATALOG_COMPILER_GLOBAL_ACCENT_COLOR_NAME = AccentColor;
				CODE_SIGN_ENTITLEMENTS = macOS/macOS.entitlements;
				CODE_SIGN_STYLE = Automatic;
				COMBINE_HIDPI_IMAGES = YES;
				DEVELOPMENT_TEAM = 7T4FFP79ZY;
				ENABLE_HARDENED_RUNTIME = YES;
				ENABLE_PREVIEWS = YES;
				INFOPLIST_FILE = macOS/Info.plist;
				LD_RUNPATH_SEARCH_PATHS = (
					"$(inherited)",
					"@executable_path/../Frameworks",
				);
				MACOSX_DEPLOYMENT_TARGET = 11.0;
				PRODUCT_BUNDLE_IDENTIFIER = simonbachmann.SeatingSwfitUI;
				PRODUCT_NAME = SeatingSwfitUI;
				SDKROOT = macosx;
				SWIFT_VERSION = 5.0;
			};
			name = Debug;
		};
		36C22D0B25851465009C97D8 /* Release */ = {
			isa = XCBuildConfiguration;
			buildSettings = {
				ASSETCATALOG_COMPILER_APPICON_NAME = AppIcon;
				ASSETCATALOG_COMPILER_GLOBAL_ACCENT_COLOR_NAME = AccentColor;
				CODE_SIGN_ENTITLEMENTS = macOS/macOS.entitlements;
				CODE_SIGN_STYLE = Automatic;
				COMBINE_HIDPI_IMAGES = YES;
				DEVELOPMENT_TEAM = 7T4FFP79ZY;
				ENABLE_HARDENED_RUNTIME = YES;
				ENABLE_PREVIEWS = YES;
				INFOPLIST_FILE = macOS/Info.plist;
				LD_RUNPATH_SEARCH_PATHS = (
					"$(inherited)",
					"@executable_path/../Frameworks",
				);
				MACOSX_DEPLOYMENT_TARGET = 11.0;
				PRODUCT_BUNDLE_IDENTIFIER = simonbachmann.SeatingSwfitUI;
				PRODUCT_NAME = SeatingSwfitUI;
				SDKROOT = macosx;
				SWIFT_VERSION = 5.0;
			};
			name = Release;
		};
/* End XCBuildConfiguration section */

/* Begin XCConfigurationList section */
		36C22CE925851464009C97D8 /* Build configuration list for PBXProject "SeatingSwfitUI" */ = {
			isa = XCConfigurationList;
			buildConfigurations = (
				36C22D0425851465009C97D8 /* Debug */,
				36C22D0525851465009C97D8 /* Release */,
			);
			defaultConfigurationIsVisible = 0;
			defaultConfigurationName = Release;
		};
		36C22D0625851465009C97D8 /* Build configuration list for PBXNativeTarget "SeatingSwfitUI (iOS)" */ = {
			isa = XCConfigurationList;
			buildConfigurations = (
				36C22D0725851465009C97D8 /* Debug */,
				36C22D0825851465009C97D8 /* Release */,
			);
			defaultConfigurationIsVisible = 0;
			defaultConfigurationName = Release;
		};
		36C22D0925851465009C97D8 /* Build configuration list for PBXNativeTarget "SeatingSwfitUI (macOS)" */ = {
			isa = XCConfigurationList;
			buildConfigurations = (
				36C22D0A25851465009C97D8 /* Debug */,
				36C22D0B25851465009C97D8 /* Release */,
			);
			defaultConfigurationIsVisible = 0;
			defaultConfigurationName = Release;
		};
/* End XCConfigurationList section */

/* Begin XCRemoteSwiftPackageReference section */
		36C22D55258597F1009C97D8 = {
			isa = XCRemoteSwiftPackageReference;
			repositoryURL = "https://github.com/AndreaMiotto/PartialSheet";
			requirement = {
				kind = upToNextMajorVersion;
				minimumVersion = 2.1.11;
			};
		};
/* End XCRemoteSwiftPackageReference section */

/* Begin XCSwiftPackageProductDependency section */
		36C22D56258597F1009C97D8 = {
			isa = XCSwiftPackageProductDependency;
			package = 36C22D55258597F1009C97D8;
			productName = PartialSheet;
		};
/* End XCSwiftPackageProductDependency section */
	};
	rootObject = 36C22CE625851464009C97D8 /* Project object */;
}
